// !$*UTF8*$!
{
	archiveVersion = 1;
	classes = {
	};
	objectVersion = 46;
	objects = {

/* Begin PBXBuildFile section */
		153F32D71C8F223000505242 /* AppDelegate.swift in Sources */ = {isa = PBXBuildFile; fileRef = 153F32D61C8F223000505242 /* AppDelegate.swift */; };
		153F32DC1C8F223000505242 /* Main.storyboard in Resources */ = {isa = PBXBuildFile; fileRef = 153F32DA1C8F223000505242 /* Main.storyboard */; };
		153F32DF1C8F223000505242 /* BitList.xcdatamodeld in Sources */ = {isa = PBXBuildFile; fileRef = 153F32DD1C8F223000505242 /* BitList.xcdatamodeld */; };
		153F32E11C8F223000505242 /* Assets.xcassets in Resources */ = {isa = PBXBuildFile; fileRef = 153F32E01C8F223000505242 /* Assets.xcassets */; };
		153F32E41C8F223000505242 /* LaunchScreen.storyboard in Resources */ = {isa = PBXBuildFile; fileRef = 153F32E21C8F223000505242 /* LaunchScreen.storyboard */; };
		153F32EF1C8F223000505242 /* BitListTests.swift in Sources */ = {isa = PBXBuildFile; fileRef = 153F32EE1C8F223000505242 /* BitListTests.swift */; };
		153F32FA1C8F223000505242 /* BitListUITests.swift in Sources */ = {isa = PBXBuildFile; fileRef = 153F32F91C8F223000505242 /* BitListUITests.swift */; };
		153F33081C8F229500505242 /* ToDosViewController.swift in Sources */ = {isa = PBXBuildFile; fileRef = 153F33071C8F229500505242 /* ToDosViewController.swift */; };
		153F330B1C8F267000505242 /* ToDoTableViewCell.swift in Sources */ = {isa = PBXBuildFile; fileRef = 153F330A1C8F267000505242 /* ToDoTableViewCell.swift */; };
		153F330D1C8F269900505242 /* AddToDoTableViewCell.swift in Sources */ = {isa = PBXBuildFile; fileRef = 153F330C1C8F269900505242 /* AddToDoTableViewCell.swift */; };
		153F33101C90A39400505242 /* ToDoModel.swift in Sources */ = {isa = PBXBuildFile; fileRef = 153F330F1C90A39400505242 /* ToDoModel.swift */; };
/* End PBXBuildFile section */

/* Begin PBXContainerItemProxy section */
		153F32EB1C8F223000505242 /* PBXContainerItemProxy */ = {
			isa = PBXContainerItemProxy;
			containerPortal = 153F32CB1C8F223000505242 /* Project object */;
			proxyType = 1;
			remoteGlobalIDString = 153F32D21C8F223000505242;
			remoteInfo = BitList;
		};
		153F32F61C8F223000505242 /* PBXContainerItemProxy */ = {
			isa = PBXContainerItemProxy;
			containerPortal = 153F32CB1C8F223000505242 /* Project object */;
			proxyType = 1;
			remoteGlobalIDString = 153F32D21C8F223000505242;
			remoteInfo = BitList;
		};
/* End PBXContainerItemProxy section */

/* Begin PBXFileReference section */
		153F32D31C8F223000505242 /* BitList.app */ = {isa = PBXFileReference; explicitFileType = wrapper.application; includeInIndex = 0; path = BitList.app; sourceTree = BUILT_PRODUCTS_DIR; };
		153F32D61C8F223000505242 /* AppDelegate.swift */ = {isa = PBXFileReference; lastKnownFileType = sourcecode.swift; path = AppDelegate.swift; sourceTree = "<group>"; };
		153F32DB1C8F223000505242 /* Base */ = {isa = PBXFileReference; lastKnownFileType = file.storyboard; name = Base; path = Base.lproj/Main.storyboard; sourceTree = "<group>"; };
		153F32DE1C8F223000505242 /* BitList.xcdatamodel */ = {isa = PBXFileReference; lastKnownFileType = wrapper.xcdatamodel; path = BitList.xcdatamodel; sourceTree = "<group>"; };
		153F32E01C8F223000505242 /* Assets.xcassets */ = {isa = PBXFileReference; lastKnownFileType = folder.assetcatalog; path = Assets.xcassets; sourceTree = "<group>"; };
		153F32E31C8F223000505242 /* Base */ = {isa = PBXFileReference; lastKnownFileType = file.storyboard; name = Base; path = Base.lproj/LaunchScreen.storyboard; sourceTree = "<group>"; };
		153F32E51C8F223000505242 /* Info.plist */ = {isa = PBXFileReference; lastKnownFileType = text.plist.xml; path = Info.plist; sourceTree = "<group>"; };
		153F32EA1C8F223000505242 /* BitListTests.xctest */ = {isa = PBXFileReference; explicitFileType = wrapper.cfbundle; includeInIndex = 0; path = BitListTests.xctest; sourceTree = BUILT_PRODUCTS_DIR; };
		153F32EE1C8F223000505242 /* BitListTests.swift */ = {isa = PBXFileReference; lastKnownFileType = sourcecode.swift; path = BitListTests.swift; sourceTree = "<group>"; };
		153F32F01C8F223000505242 /* Info.plist */ = {isa = PBXFileReference; lastKnownFileType = text.plist.xml; path = Info.plist; sourceTree = "<group>"; };
		153F32F51C8F223000505242 /* BitListUITests.xctest */ = {isa = PBXFileReference; explicitFileType = wrapper.cfbundle; includeInIndex = 0; path = BitListUITests.xctest; sourceTree = BUILT_PRODUCTS_DIR; };
		153F32F91C8F223000505242 /* BitListUITests.swift */ = {isa = PBXFileReference; lastKnownFileType = sourcecode.swift; path = BitListUITests.swift; sourceTree = "<group>"; };
		153F32FB1C8F223000505242 /* Info.plist */ = {isa = PBXFileReference; lastKnownFileType = text.plist.xml; path = Info.plist; sourceTree = "<group>"; };
		153F33071C8F229500505242 /* ToDosViewController.swift */ = {isa = PBXFileReference; fileEncoding = 4; lastKnownFileType = sourcecode.swift; name = ToDosViewController.swift; path = ../ToDosViewController.swift; sourceTree = "<group>"; };
		153F330A1C8F267000505242 /* ToDoTableViewCell.swift */ = {isa = PBXFileReference; fileEncoding = 4; lastKnownFileType = sourcecode.swift; path = ToDoTableViewCell.swift; sourceTree = "<group>"; };
		153F330C1C8F269900505242 /* AddToDoTableViewCell.swift */ = {isa = PBXFileReference; fileEncoding = 4; lastKnownFileType = sourcecode.swift; path = AddToDoTableViewCell.swift; sourceTree = "<group>"; };
		153F330F1C90A39400505242 /* ToDoModel.swift */ = {isa = PBXFileReference; fileEncoding = 4; lastKnownFileType = sourcecode.swift; path = ToDoModel.swift; sourceTree = "<group>"; };
/* End PBXFileReference section */

/* Begin PBXFrameworksBuildPhase section */
		153F32D01C8F223000505242 /* Frameworks */ = {
			isa = PBXFrameworksBuildPhase;
			buildActionMask = 2147483647;
			files = (
			);
			runOnlyForDeploymentPostprocessing = 0;
		};
		153F32E71C8F223000505242 /* Frameworks */ = {
			isa = PBXFrameworksBuildPhase;
			buildActionMask = 2147483647;
			files = (
			);
			runOnlyForDeploymentPostprocessing = 0;
		};
		153F32F21C8F223000505242 /* Frameworks */ = {
			isa = PBXFrameworksBuildPhase;
			buildActionMask = 2147483647;
			files = (
			);
			runOnlyForDeploymentPostprocessing = 0;
		};
/* End PBXFrameworksBuildPhase section */

/* Begin PBXGroup section */
		153F32CA1C8F223000505242 = {
			isa = PBXGroup;
			children = (
				153F32D51C8F223000505242 /* BitList */,
				153F32ED1C8F223000505242 /* BitListTests */,
				153F32F81C8F223000505242 /* BitListUITests */,
				153F32D41C8F223000505242 /* Products */,
			);
			sourceTree = "<group>";
		};
		153F32D41C8F223000505242 /* Products */ = {
			isa = PBXGroup;
			children = (
				153F32D31C8F223000505242 /* BitList.app */,
				153F32EA1C8F223000505242 /* BitListTests.xctest */,
				153F32F51C8F223000505242 /* BitListUITests.xctest */,
			);
			name = Products;
			sourceTree = "<group>";
		};
		153F32D51C8F223000505242 /* BitList */ = {
			isa = PBXGroup;
			children = (
				153F33091C8F25BE00505242 /* ToDosViewController */,
				153F32D61C8F223000505242 /* AppDelegate.swift */,
				153F330E1C90A36D00505242 /* Model */,
				153F32DA1C8F223000505242 /* Main.storyboard */,
				153F32E01C8F223000505242 /* Assets.xcassets */,
				153F32E21C8F223000505242 /* LaunchScreen.storyboard */,
				153F32E51C8F223000505242 /* Info.plist */,
				153F32DD1C8F223000505242 /* BitList.xcdatamodeld */,
			);
			path = BitList;
			sourceTree = "<group>";
		};
		153F32ED1C8F223000505242 /* BitListTests */ = {
			isa = PBXGroup;
			children = (
				153F32EE1C8F223000505242 /* BitListTests.swift */,
				153F32F01C8F223000505242 /* Info.plist */,
			);
			path = BitListTests;
			sourceTree = "<group>";
		};
		153F32F81C8F223000505242 /* BitListUITests */ = {
			isa = PBXGroup;
			children = (
				153F32F91C8F223000505242 /* BitListUITests.swift */,
				153F32FB1C8F223000505242 /* Info.plist */,
			);
			path = BitListUITests;
			sourceTree = "<group>";
		};
		153F33091C8F25BE00505242 /* ToDosViewController */ = {
			isa = PBXGroup;
			children = (
				153F33071C8F229500505242 /* ToDosViewController.swift */,
				153F330A1C8F267000505242 /* ToDoTableViewCell.swift */,
				153F330C1C8F269900505242 /* AddToDoTableViewCell.swift */,
			);
			name = ToDosViewController;
			sourceTree = "<group>";
		};
		153F330E1C90A36D00505242 /* Model */ = {
			isa = PBXGroup;
			children = (
				153F330F1C90A39400505242 /* ToDoModel.swift */,
			);
			name = Model;
			sourceTree = "<group>";
		};
/* End PBXGroup section */

/* Begin PBXNativeTarget section */
		153F32D21C8F223000505242 /* BitList */ = {
			isa = PBXNativeTarget;
			buildConfigurationList = 153F32FE1C8F223000505242 /* Build configuration list for PBXNativeTarget "BitList" */;
			buildPhases = (
				153F32CF1C8F223000505242 /* Sources */,
				153F32D01C8F223000505242 /* Frameworks */,
				153F32D11C8F223000505242 /* Resources */,
			);
			buildRules = (
			);
			dependencies = (
			);
			name = BitList;
			productName = BitList;
			productReference = 153F32D31C8F223000505242 /* BitList.app */;
			productType = "com.apple.product-type.application";
		};
		153F32E91C8F223000505242 /* BitListTests */ = {
			isa = PBXNativeTarget;
			buildConfigurationList = 153F33011C8F223000505242 /* Build configuration list for PBXNativeTarget "BitListTests" */;
			buildPhases = (
				153F32E61C8F223000505242 /* Sources */,
				153F32E71C8F223000505242 /* Frameworks */,
				153F32E81C8F223000505242 /* Resources */,
			);
			buildRules = (
			);
			dependencies = (
				153F32EC1C8F223000505242 /* PBXTargetDependency */,
			);
			name = BitListTests;
			productName = BitListTests;
			productReference = 153F32EA1C8F223000505242 /* BitListTests.xctest */;
			productType = "com.apple.product-type.bundle.unit-test";
		};
		153F32F41C8F223000505242 /* BitListUITests */ = {
			isa = PBXNativeTarget;
			buildConfigurationList = 153F33041C8F223000505242 /* Build configuration list for PBXNativeTarget "BitListUITests" */;
			buildPhases = (
				153F32F11C8F223000505242 /* Sources */,
				153F32F21C8F223000505242 /* Frameworks */,
				153F32F31C8F223000505242 /* Resources */,
			);
			buildRules = (
			);
			dependencies = (
				153F32F71C8F223000505242 /* PBXTargetDependency */,
			);
			name = BitListUITests;
			productName = BitListUITests;
			productReference = 153F32F51C8F223000505242 /* BitListUITests.xctest */;
			productType = "com.apple.product-type.bundle.ui-testing";
		};
/* End PBXNativeTarget section */

/* Begin PBXProject section */
		153F32CB1C8F223000505242 /* Project object */ = {
			isa = PBXProject;
			attributes = {
				LastSwiftUpdateCheck = 0720;
				LastUpgradeCheck = 0720;
				ORGANIZATIONNAME = "Randall Mardus";
				TargetAttributes = {
					153F32D21C8F223000505242 = {
						CreatedOnToolsVersion = 7.2.1;
					};
					153F32E91C8F223000505242 = {
						CreatedOnToolsVersion = 7.2.1;
						TestTargetID = 153F32D21C8F223000505242;
					};
					153F32F41C8F223000505242 = {
						CreatedOnToolsVersion = 7.2.1;
						TestTargetID = 153F32D21C8F223000505242;
					};
				};
			};
			buildConfigurationList = 153F32CE1C8F223000505242 /* Build configuration list for PBXProject "BitList" */;
			compatibilityVersion = "Xcode 3.2";
			developmentRegion = English;
			hasScannedForEncodings = 0;
			knownRegions = (
				en,
				Base,
			);
			mainGroup = 153F32CA1C8F223000505242;
			productRefGroup = 153F32D41C8F223000505242 /* Products */;
			projectDirPath = "";
			projectRoot = "";
			targets = (
				153F32D21C8F223000505242 /* BitList */,
				153F32E91C8F223000505242 /* BitListTests */,
				153F32F41C8F223000505242 /* BitListUITests */,
			);
		};
/* End PBXProject section */

/* Begin PBXResourcesBuildPhase section */
		153F32D11C8F223000505242 /* Resources */ = {
			isa = PBXResourcesBuildPhase;
			buildActionMask = 2147483647;
			files = (
				153F32E41C8F223000505242 /* LaunchScreen.storyboard in Resources */,
				153F32E11C8F223000505242 /* Assets.xcassets in Resources */,
				153F32DC1C8F223000505242 /* Main.storyboard in Resources */,
			);
			runOnlyForDeploymentPostprocessing = 0;
		};
		153F32E81C8F223000505242 /* Resources */ = {
			isa = PBXResourcesBuildPhase;
			buildActionMask = 2147483647;
			files = (
			);
			runOnlyForDeploymentPostprocessing = 0;
		};
		153F32F31C8F223000505242 /* Resources */ = {
			isa = PBXResourcesBuildPhase;
			buildActionMask = 2147483647;
			files = (
			);
			runOnlyForDeploymentPostprocessing = 0;
		};
/* End PBXResourcesBuildPhase section */

/* Begin PBXSourcesBuildPhase section */
		153F32CF1C8F223000505242 /* Sources */ = {
			isa = PBXSourcesBuildPhase;
			buildActionMask = 2147483647;
			files = (
				153F33081C8F229500505242 /* ToDosViewController.swift in Sources */,
				153F330D1C8F269900505242 /* AddToDoTableViewCell.swift in Sources */,
				153F32DF1C8F223000505242 /* BitList.xcdatamodeld in Sources */,
				153F32D71C8F223000505242 /* AppDelegate.swift in Sources */,
				153F330B1C8F267000505242 /* ToDoTableViewCell.swift in Sources */,
				153F33101C90A39400505242 /* ToDoModel.swift in Sources */,
			);
			runOnlyForDeploymentPostprocessing = 0;
		};
		153F32E61C8F223000505242 /* Sources */ = {
			isa = PBXSourcesBuildPhase;
			buildActionMask = 2147483647;
			files = (
				153F32EF1C8F223000505242 /* BitListTests.swift in Sources */,
			);
			runOnlyForDeploymentPostprocessing = 0;
		};
		153F32F11C8F223000505242 /* Sources */ = {
			isa = PBXSourcesBuildPhase;
			buildActionMask = 2147483647;
			files = (
				153F32FA1C8F223000505242 /* BitListUITests.swift in Sources */,
			);
			runOnlyForDeploymentPostprocessing = 0;
		};
/* End PBXSourcesBuildPhase section */

/* Begin PBXTargetDependency section */
		153F32EC1C8F223000505242 /* PBXTargetDependency */ = {
			isa = PBXTargetDependency;
			target = 153F32D21C8F223000505242 /* BitList */;
			targetProxy = 153F32EB1C8F223000505242 /* PBXContainerItemProxy */;
		};
		153F32F71C8F223000505242 /* PBXTargetDependency */ = {
			isa = PBXTargetDependency;
			target = 153F32D21C8F223000505242 /* BitList */;
			targetProxy = 153F32F61C8F223000505242 /* PBXContainerItemProxy */;
		};
/* End PBXTargetDependency section */

/* Begin PBXVariantGroup section */
		153F32DA1C8F223000505242 /* Main.storyboard */ = {
			isa = PBXVariantGroup;
			children = (
				153F32DB1C8F223000505242 /* Base */,
			);
			name = Main.storyboard;
			sourceTree = "<group>";
		};
		153F32E21C8F223000505242 /* LaunchScreen.storyboard */ = {
			isa = PBXVariantGroup;
			children = (
				153F32E31C8F223000505242 /* Base */,
			);
			name = LaunchScreen.storyboard;
			sourceTree = "<group>";
		};
/* End PBXVariantGroup section */

/* Begin XCBuildConfiguration section */
		153F32FC1C8F223000505242 /* Debug */ = {
			isa = XCBuildConfiguration;
			buildSettings = {
				ALWAYS_SEARCH_USER_PATHS = NO;
				CLANG_CXX_LANGUAGE_STANDARD = "gnu++0x";
				CLANG_CXX_LIBRARY = "libc++";
				CLANG_ENABLE_MODULES = YES;
				CLANG_ENABLE_OBJC_ARC = YES;
				CLANG_WARN_BOOL_CONVERSION = YES;
				CLANG_WARN_CONSTANT_CONVERSION = YES;
				CLANG_WARN_DIRECT_OBJC_ISA_USAGE = YES_ERROR;
				CLANG_WARN_EMPTY_BODY = YES;
				CLANG_WARN_ENUM_CONVERSION = YES;
				CLANG_WARN_INT_CONVERSION = YES;
				CLANG_WARN_OBJC_ROOT_CLASS = YES_ERROR;
				CLANG_WARN_UNREACHABLE_CODE = YES;
				CLANG_WARN__DUPLICATE_METHOD_MATCH = YES;
				"CODE_SIGN_IDENTITY[sdk=iphoneos*]" = "iPhone Developer";
				COPY_PHASE_STRIP = NO;
				DEBUG_INFORMATION_FORMAT = dwarf;
				ENABLE_STRICT_OBJC_MSGSEND = YES;
				ENABLE_TESTABILITY = YES;
				GCC_C_LANGUAGE_STANDARD = gnu99;
				GCC_DYNAMIC_NO_PIC = NO;
				GCC_NO_COMMON_BLOCKS = YES;
				GCC_OPTIMIZATION_LEVEL = 0;
				GCC_PREPROCESSOR_DEFINITIONS = (
					"DEBUG=1",
					"$(inherited)",
				);
				GCC_WARN_64_TO_32_BIT_CONVERSION = YES;
				GCC_WARN_ABOUT_RETURN_TYPE = YES_ERROR;
				GCC_WARN_UNDECLARED_SELECTOR = YES;
				GCC_WARN_UNINITIALIZED_AUTOS = YES_AGGRESSIVE;
				GCC_WARN_UNUSED_FUNCTION = YES;
				GCC_WARN_UNUSED_VARIABLE = YES;
				IPHONEOS_DEPLOYMENT_TARGET = 9.2;
				MTL_ENABLE_DEBUG_INFO = YES;
				ONLY_ACTIVE_ARCH = YES;
				SDKROOT = iphoneos;
				SWIFT_OPTIMIZATION_LEVEL = "-Onone";
				TARGETED_DEVICE_FAMILY = "1,2";
			};
			name = Debug;
		};
		153F32FD1C8F223000505242 /* Release */ = {
			isa = XCBuildConfiguration;
			buildSettings = {
				ALWAYS_SEARCH_USER_PATHS = NO;
				CLANG_CXX_LANGUAGE_STANDARD = "gnu++0x";
				CLANG_CXX_LIBRARY = "libc++";
				CLANG_ENABLE_MODULES = YES;
				CLANG_ENABLE_OBJC_ARC = YES;
				CLANG_WARN_BOOL_CONVERSION = YES;
				CLANG_WARN_CONSTANT_CONVERSION = YES;
				CLANG_WARN_DIRECT_OBJC_ISA_USAGE = YES_ERROR;
				CLANG_WARN_EMPTY_BODY = YES;
				CLANG_WARN_ENUM_CONVERSION = YES;
				CLANG_WARN_INT_CONVERSION = YES;
				CLANG_WARN_OBJC_ROOT_CLASS = YES_ERROR;
				CLANG_WARN_UNREACHABLE_CODE = YES;
				CLANG_WARN__DUPLICATE_METHOD_MATCH = YES;
				"CODE_SIGN_IDENTITY[sdk=iphoneos*]" = "iPhone Developer";
				COPY_PHASE_STRIP = NO;
				DEBUG_INFORMATION_FORMAT = "dwarf-with-dsym";
				ENABLE_NS_ASSERTIONS = NO;
				ENABLE_STRICT_OBJC_MSGSEND = YES;
				GCC_C_LANGUAGE_STANDARD = gnu99;
				GCC_NO_COMMON_BLOCKS = YES;
				GCC_WARN_64_TO_32_BIT_CONVERSION = YES;
				GCC_WARN_ABOUT_RETURN_TYPE = YES_ERROR;
				GCC_WARN_UNDECLARED_SELECTOR = YES;
				GCC_WARN_UNINITIALIZED_AUTOS = YES_AGGRESSIVE;
				GCC_WARN_UNUSED_FUNCTION = YES;
				GCC_WARN_UNUSED_VARIABLE = YES;
				IPHONEOS_DEPLOYMENT_TARGET = 9.2;
				MTL_ENABLE_DEBUG_INFO = NO;
				SDKROOT = iphoneos;
				TARGETED_DEVICE_FAMILY = "1,2";
				VALIDATE_PRODUCT = YES;
			};
			name = Release;
		};
		153F32FF1C8F223000505242 /* Debug */ = {
			isa = XCBuildConfiguration;
			buildSettings = {
				ASSETCATALOG_COMPILER_APPICON_NAME = AppIcon;
				INFOPLIST_FILE = BitList/Info.plist;
				LD_RUNPATH_SEARCH_PATHS = "$(inherited) @executable_path/Frameworks";
				PRODUCT_BUNDLE_IDENTIFIER = self.edu.BitList;
				PRODUCT_NAME = "$(TARGET_NAME)";
			};
			name = Debug;
		};
		153F33001C8F223000505242 /* Release */ = {
			isa = XCBuildConfiguration;
			buildSettings = {
				ASSETCATALOG_COMPILER_APPICON_NAME = AppIcon;
				INFOPLIST_FILE = BitList/Info.plist;
				LD_RUNPATH_SEARCH_PATHS = "$(inherited) @executable_path/Frameworks";
				PRODUCT_BUNDLE_IDENTIFIER = self.edu.BitList;
				PRODUCT_NAME = "$(TARGET_NAME)";
			};
			name = Release;
		};
		153F33021C8F223000505242 /* Debug */ = {
			isa = XCBuildConfiguration;
			buildSettings = {
				BUNDLE_LOADER = "$(TEST_HOST)";
				INFOPLIST_FILE = BitListTests/Info.plist;
				LD_RUNPATH_SEARCH_PATHS = "$(inherited) @executable_path/Frameworks @loader_path/Frameworks";
				PRODUCT_BUNDLE_IDENTIFIER = self.edu.BitListTests;
				PRODUCT_NAME = "$(TARGET_NAME)";
				TEST_HOST = "$(BUILT_PRODUCTS_DIR)/BitList.app/BitList";
			};
			name = Debug;
		};
		153F33031C8F223000505242 /* Release */ = {
			isa = XCBuildConfiguration;
			buildSettings = {
				BUNDLE_LOADER = "$(TEST_HOST)";
				INFOPLIST_FILE = BitListTests/Info.plist;
				LD_RUNPATH_SEARCH_PATHS = "$(inherited) @executable_path/Frameworks @loader_path/Frameworks";
				PRODUCT_BUNDLE_IDENTIFIER = self.edu.BitListTests;
				PRODUCT_NAME = "$(TARGET_NAME)";
				TEST_HOST = "$(BUILT_PRODUCTS_DIR)/BitList.app/BitList";
			};
			name = Release;
		};
		153F33051C8F223000505242 /* Debug */ = {
			isa = XCBuildConfiguration;
			buildSettings = {
				INFOPLIST_FILE = BitListUITests/Info.plist;
				LD_RUNPATH_SEARCH_PATHS = "$(inherited) @executable_path/Frameworks @loader_path/Frameworks";
				PRODUCT_BUNDLE_IDENTIFIER = self.edu.BitListUITests;
				PRODUCT_NAME = "$(TARGET_NAME)";
				TEST_TARGET_NAME = BitList;
				USES_XCTRUNNER = YES;
			};
			name = Debug;
		};
		153F33061C8F223000505242 /* Release */ = {
			isa = XCBuildConfiguration;
			buildSettings = {
				INFOPLIST_FILE = BitListUITests/Info.plist;
				LD_RUNPATH_SEARCH_PATHS = "$(inherited) @executable_path/Frameworks @loader_path/Frameworks";
				PRODUCT_BUNDLE_IDENTIFIER = self.edu.BitListUITests;
				PRODUCT_NAME = "$(TARGET_NAME)";
				TEST_TARGET_NAME = BitList;
				USES_XCTRUNNER = YES;
			};
			name = Release;
		};
/* End XCBuildConfiguration section */

/* Begin XCConfigurationList section */
		153F32CE1C8F223000505242 /* Build configuration list for PBXProject "BitList" */ = {
			isa = XCConfigurationList;
			buildConfigurations = (
				153F32FC1C8F223000505242 /* Debug */,
				153F32FD1C8F223000505242 /* Release */,
			);
			defaultConfigurationIsVisible = 0;
			defaultConfigurationName = Release;
		};
		153F32FE1C8F223000505242 /* Build configuration list for PBXNativeTarget "BitList" */ = {
			isa = XCConfigurationList;
			buildConfigurations = (
				153F32FF1C8F223000505242 /* Debug */,
				153F33001C8F223000505242 /* Release */,
			);
			defaultConfigurationIsVisible = 0;
		};
		153F33011C8F223000505242 /* Build configuration list for PBXNativeTarget "BitListTests" */ = {
			isa = XCConfigurationList;
			buildConfigurations = (
				153F33021C8F223000505242 /* Debug */,
				153F33031C8F223000505242 /* Release */,
			);
			defaultConfigurationIsVisible = 0;
		};
		153F33041C8F223000505242 /* Build configuration list for PBXNativeTarget "BitListUITests" */ = {
			isa = XCConfigurationList;
			buildConfigurations = (
				153F33051C8F223000505242 /* Debug */,
				153F33061C8F223000505242 /* Release */,
			);
			defaultConfigurationIsVisible = 0;
		};
/* End XCConfigurationList section */

/* Begin XCVersionGroup section */
		153F32DD1C8F223000505242 /* BitList.xcdatamodeld */ = {
			isa = XCVersionGroup;
			children = (
				153F32DE1C8F223000505242 /* BitList.xcdatamodel */,
			);
			currentVersion = 153F32DE1C8F223000505242 /* BitList.xcdatamodel */;
			path = BitList.xcdatamodeld;
			sourceTree = "<group>";
			versionGroupType = wrapper.xcdatamodel;
		};
/* End XCVersionGroup section */
	};
	rootObject = 153F32CB1C8F223000505242 /* Project object */;
}
